// !$*UTF8*$!
{
	archiveVersion = 1;
	classes = {
	};
	objectVersion = 55;
	objects = {

/* Begin PBXBuildFile section */
		849EB9902A1CB90A006011A5 /* NebulaShaderType.metal in Sources */ = {isa = PBXBuildFile; fileRef = 849EB98D2A1CB90A006011A5 /* NebulaShaderType.metal */; };
		849EB9912A1CB90A006011A5 /* NebulaMetalView.mm in Sources */ = {isa = PBXBuildFile; fileRef = 849EB98E2A1CB90A006011A5 /* NebulaMetalView.mm */; };
		849EB9932A1CB996006011A5 /* MetalKit.framework in Frameworks */ = {isa = PBXBuildFile; fileRef = 849EB9922A1CB996006011A5 /* MetalKit.framework */; };
		84B6144429DAF1B700C2A5EE /* AVFoundation.framework in Frameworks */ = {isa = PBXBuildFile; fileRef = 84B6144329DAF1B700C2A5EE /* AVFoundation.framework */; };
		84B6144629DAF1BD00C2A5EE /* CoreMedia.framework in Frameworks */ = {isa = PBXBuildFile; fileRef = 84B6144529DAF1BD00C2A5EE /* CoreMedia.framework */; };
		84D7221328867DB700B6136E /* AppDelegate.m in Sources */ = {isa = PBXBuildFile; fileRef = 84D7221228867DB700B6136E /* AppDelegate.m */; };
		84D7221628867DB700B6136E /* ViewController.m in Sources */ = {isa = PBXBuildFile; fileRef = 84D7221528867DB700B6136E /* ViewController.m */; };
		84D7221828867DB800B6136E /* Assets.xcassets in Resources */ = {isa = PBXBuildFile; fileRef = 84D7221728867DB800B6136E /* Assets.xcassets */; };
		84D7221B28867DB800B6136E /* Main.storyboard in Resources */ = {isa = PBXBuildFile; fileRef = 84D7221928867DB800B6136E /* Main.storyboard */; };
		84D7221D28867DB800B6136E /* main.m in Sources */ = {isa = PBXBuildFile; fileRef = 84D7221C28867DB800B6136E /* main.m */; };
		84D7222B28867FC400B6136E /* ObjcCamera.mm in Sources */ = {isa = PBXBuildFile; fileRef = 84D7222A28867FC400B6136E /* ObjcCamera.mm */; };
		84D7225D28879E0300B6136E /* zp-sdk-matrix.framework in Frameworks */ = {isa = PBXBuildFile; fileRef = 84D7225C28879E0300B6136E /* zp-sdk-matrix.framework */; settings = {ATTRIBUTES = (Weak, ); }; };
		84D7225E28879E0300B6136E /* zp-sdk-matrix.framework in Embed Frameworks */ = {isa = PBXBuildFile; fileRef = 84D7225C28879E0300B6136E /* zp-sdk-matrix.framework */; settings = {ATTRIBUTES = (CodeSignOnCopy, RemoveHeadersOnCopy, ); }; };
/* End PBXBuildFile section */

/* Begin PBXCopyFilesBuildPhase section */
		84D7225F28879E0300B6136E /* Embed Frameworks */ = {
			isa = PBXCopyFilesBuildPhase;
			buildActionMask = 2147483647;
			dstPath = "";
			dstSubfolderSpec = 10;
			files = (
				84D7225E28879E0300B6136E /* zp-sdk-matrix.framework in Embed Frameworks */,
			);
			name = "Embed Frameworks";
			runOnlyForDeploymentPostprocessing = 0;
		};
/* End PBXCopyFilesBuildPhase section */

/* Begin PBXFileReference section */
		849EB98C2A1CB90A006011A5 /* NebulaMetalView.h */ = {isa = PBXFileReference; fileEncoding = 4; lastKnownFileType = sourcecode.c.h; path = NebulaMetalView.h; sourceTree = "<group>"; };
		849EB98D2A1CB90A006011A5 /* NebulaShaderType.metal */ = {isa = PBXFileReference; fileEncoding = 4; lastKnownFileType = sourcecode.metal; path = NebulaShaderType.metal; sourceTree = "<group>"; };
		849EB98E2A1CB90A006011A5 /* NebulaMetalView.mm */ = {isa = PBXFileReference; fileEncoding = 4; lastKnownFileType = sourcecode.cpp.objcpp; path = NebulaMetalView.mm; sourceTree = "<group>"; };
		849EB98F2A1CB90A006011A5 /* NebulaShaderType.h */ = {isa = PBXFileReference; fileEncoding = 4; lastKnownFileType = sourcecode.c.h; path = NebulaShaderType.h; sourceTree = "<group>"; };
		849EB9922A1CB996006011A5 /* MetalKit.framework */ = {isa = PBXFileReference; lastKnownFileType = wrapper.framework; name = MetalKit.framework; path = System/Library/Frameworks/MetalKit.framework; sourceTree = SDKROOT; };
		84B6144329DAF1B700C2A5EE /* AVFoundation.framework */ = {isa = PBXFileReference; lastKnownFileType = wrapper.framework; name = AVFoundation.framework; path = System/Library/Frameworks/AVFoundation.framework; sourceTree = SDKROOT; };
		84B6144529DAF1BD00C2A5EE /* CoreMedia.framework */ = {isa = PBXFileReference; lastKnownFileType = wrapper.framework; name = CoreMedia.framework; path = System/Library/Frameworks/CoreMedia.framework; sourceTree = SDKROOT; };
		84D7220E28867DB700B6136E /* VideoFilter.app */ = {isa = PBXFileReference; explicitFileType = wrapper.application; includeInIndex = 0; path = VideoFilter.app; sourceTree = BUILT_PRODUCTS_DIR; };
		84D7221128867DB700B6136E /* AppDelegate.h */ = {isa = PBXFileReference; lastKnownFileType = sourcecode.c.h; path = AppDelegate.h; sourceTree = "<group>"; };
		84D7221228867DB700B6136E /* AppDelegate.m */ = {isa = PBXFileReference; lastKnownFileType = sourcecode.c.objc; path = AppDelegate.m; sourceTree = "<group>"; };
		84D7221428867DB700B6136E /* ViewController.h */ = {isa = PBXFileReference; lastKnownFileType = sourcecode.c.h; path = ViewController.h; sourceTree = "<group>"; };
		84D7221528867DB700B6136E /* ViewController.m */ = {isa = PBXFileReference; explicitFileType = sourcecode.cpp.objcpp; path = ViewController.m; sourceTree = "<group>"; };
		84D7221728867DB800B6136E /* Assets.xcassets */ = {isa = PBXFileReference; lastKnownFileType = folder.assetcatalog; path = Assets.xcassets; sourceTree = "<group>"; };
		84D7221A28867DB800B6136E /* Base */ = {isa = PBXFileReference; lastKnownFileType = file.storyboard; name = Base; path = Base.lproj/Main.storyboard; sourceTree = "<group>"; };
		84D7221C28867DB800B6136E /* main.m */ = {isa = PBXFileReference; lastKnownFileType = sourcecode.c.objc; path = main.m; sourceTree = "<group>"; };
		84D7221E28867DB800B6136E /* VideoFilter.entitlements */ = {isa = PBXFileReference; lastKnownFileType = text.plist.entitlements; path = VideoFilter.entitlements; sourceTree = "<group>"; };
		84D7222528867DE400B6136E /* zp-sdk-matrix.framework */ = {isa = PBXFileReference; lastKnownFileType = wrapper.framework; name = "zp-sdk-matrix.framework"; path = "../../../../../deps/mac/zp-sdk-matrix/libs/Debug/zp-sdk-matrix.framework"; sourceTree = "<group>"; };
		84D7222928867FC400B6136E /* ObjcCamera.h */ = {isa = PBXFileReference; fileEncoding = 4; lastKnownFileType = sourcecode.c.h; path = ObjcCamera.h; sourceTree = "<group>"; };
		84D7222A28867FC400B6136E /* ObjcCamera.mm */ = {isa = PBXFileReference; fileEncoding = 4; lastKnownFileType = sourcecode.cpp.objcpp; path = ObjcCamera.mm; sourceTree = "<group>"; };
		84D7225C28879E0300B6136E /* zp-sdk-matrix.framework */ = {isa = PBXFileReference; lastKnownFileType = wrapper.framework; name = "zp-sdk-matrix.framework"; path = "../../../../../deps/mac/zp-sdk-matrix/libs/Release/zp-sdk-matrix.framework"; sourceTree = "<group>"; };
/* End PBXFileReference section */

/* Begin PBXFrameworksBuildPhase section */
		84D7220B28867DB700B6136E /* Frameworks */ = {
			isa = PBXFrameworksBuildPhase;
			buildActionMask = 2147483647;
			files = (
				84B6144629DAF1BD00C2A5EE /* CoreMedia.framework in Frameworks */,
				849EB9932A1CB996006011A5 /* MetalKit.framework in Frameworks */,
				84B6144429DAF1B700C2A5EE /* AVFoundation.framework in Frameworks */,
				84D7225D28879E0300B6136E /* zp-sdk-matrix.framework in Frameworks */,
			);
			runOnlyForDeploymentPostprocessing = 0;
		};
/* End PBXFrameworksBuildPhase section */

/* Begin PBXGroup section */
		84D7220528867DB700B6136E = {
			isa = PBXGroup;
			children = (
				84D7221028867DB700B6136E /* VideoFilter */,
				84D7220F28867DB700B6136E /* Products */,
				84D7222428867DE400B6136E /* Frameworks */,
			);
			sourceTree = "<group>";
		};
		84D7220F28867DB700B6136E /* Products */ = {
			isa = PBXGroup;
			children = (
				84D7220E28867DB700B6136E /* VideoFilter.app */,
			);
			name = Products;
			sourceTree = "<group>";
		};
		84D7221028867DB700B6136E /* VideoFilter */ = {
			isa = PBXGroup;
			children = (
				84D7221128867DB700B6136E /* AppDelegate.h */,
				84D7221228867DB700B6136E /* AppDelegate.m */,
				84D7221428867DB700B6136E /* ViewController.h */,
				84D7221528867DB700B6136E /* ViewController.m */,
				84D7222928867FC400B6136E /* ObjcCamera.h */,
				84D7222A28867FC400B6136E /* ObjcCamera.mm */,
				849EB98C2A1CB90A006011A5 /* NebulaMetalView.h */,
				849EB98E2A1CB90A006011A5 /* NebulaMetalView.mm */,
				849EB98F2A1CB90A006011A5 /* NebulaShaderType.h */,
				849EB98D2A1CB90A006011A5 /* NebulaShaderType.metal */,
				84D7221728867DB800B6136E /* Assets.xcassets */,
				84D7221928867DB800B6136E /* Main.storyboard */,
				84D7221C28867DB800B6136E /* main.m */,
				84D7221E28867DB800B6136E /* VideoFilter.entitlements */,
			);
			path = VideoFilter;
			sourceTree = "<group>";
		};
		84D7222428867DE400B6136E /* Frameworks */ = {
			isa = PBXGroup;
			children = (
				849EB9922A1CB996006011A5 /* MetalKit.framework */,
				84B6144529DAF1BD00C2A5EE /* CoreMedia.framework */,
				84B6144329DAF1B700C2A5EE /* AVFoundation.framework */,
				84D7225C28879E0300B6136E /* zp-sdk-matrix.framework */,
				84D7222528867DE400B6136E /* zp-sdk-matrix.framework */,
			);
			name = Frameworks;
			sourceTree = "<group>";
		};
/* End PBXGroup section */

/* Begin PBXNativeTarget section */
		84D7220D28867DB700B6136E /* VideoFilter */ = {
			isa = PBXNativeTarget;
			buildConfigurationList = 84D7222128867DB800B6136E /* Build configuration list for PBXNativeTarget "VideoFilter" */;
			buildPhases = (
				84D7220A28867DB700B6136E /* Sources */,
				84D7220B28867DB700B6136E /* Frameworks */,
				84D7220C28867DB700B6136E /* Resources */,
				84D7225F28879E0300B6136E /* Embed Frameworks */,
			);
			buildRules = (
			);
			dependencies = (
			);
			name = VideoFilter;
			productName = VideoFilter;
			productReference = 84D7220E28867DB700B6136E /* VideoFilter.app */;
			productType = "com.apple.product-type.application";
		};
/* End PBXNativeTarget section */

/* Begin PBXProject section */
		84D7220628867DB700B6136E /* Project object */ = {
			isa = PBXProject;
			attributes = {
				BuildIndependentTargetsInParallel = 1;
				LastUpgradeCheck = 1340;
				TargetAttributes = {
					84D7220D28867DB700B6136E = {
						CreatedOnToolsVersion = 13.4.1;
					};
				};
			};
			buildConfigurationList = 84D7220928867DB700B6136E /* Build configuration list for PBXProject "VideoFilter" */;
			compatibilityVersion = "Xcode 13.0";
			developmentRegion = en;
			hasScannedForEncodings = 0;
			knownRegions = (
				en,
				Base,
			);
			mainGroup = 84D7220528867DB700B6136E;
			productRefGroup = 84D7220F28867DB700B6136E /* Products */;
			projectDirPath = "";
			projectRoot = "";
			targets = (
				84D7220D28867DB700B6136E /* VideoFilter */,
			);
		};
/* End PBXProject section */

/* Begin PBXResourcesBuildPhase section */
		84D7220C28867DB700B6136E /* Resources */ = {
			isa = PBXResourcesBuildPhase;
			buildActionMask = 2147483647;
			files = (
				84D7221828867DB800B6136E /* Assets.xcassets in Resources */,
				84D7221B28867DB800B6136E /* Main.storyboard in Resources */,
			);
			runOnlyForDeploymentPostprocessing = 0;
		};
/* End PBXResourcesBuildPhase section */

/* Begin PBXSourcesBuildPhase section */
		84D7220A28867DB700B6136E /* Sources */ = {
			isa = PBXSourcesBuildPhase;
			buildActionMask = 2147483647;
			files = (
				84D7222B28867FC400B6136E /* ObjcCamera.mm in Sources */,
				84D7221628867DB700B6136E /* ViewController.m in Sources */,
				849EB9902A1CB90A006011A5 /* NebulaShaderType.metal in Sources */,
				849EB9912A1CB90A006011A5 /* NebulaMetalView.mm in Sources */,
				84D7221D28867DB800B6136E /* main.m in Sources */,
				84D7221328867DB700B6136E /* AppDelegate.m in Sources */,
			);
			runOnlyForDeploymentPostprocessing = 0;
		};
/* End PBXSourcesBuildPhase section */

/* Begin PBXVariantGroup section */
		84D7221928867DB800B6136E /* Main.storyboard */ = {
			isa = PBXVariantGroup;
			children = (
				84D7221A28867DB800B6136E /* Base */,
			);
			name = Main.storyboard;
			sourceTree = "<group>";
		};
/* End PBXVariantGroup section */

/* Begin XCBuildConfiguration section */
		84D7221F28867DB800B6136E /* Debug */ = {
			isa = XCBuildConfiguration;
			buildSettings = {
				ALWAYS_SEARCH_USER_PATHS = NO;
				CLANG_ANALYZER_NONNULL = YES;
				CLANG_ANALYZER_NUMBER_OBJECT_CONVERSION = YES_AGGRESSIVE;
				CLANG_CXX_LANGUAGE_STANDARD = "gnu++17";
				CLANG_ENABLE_MODULES = YES;
				CLANG_ENABLE_OBJC_ARC = YES;
				CLANG_ENABLE_OBJC_WEAK = YES;
				CLANG_WARN_BLOCK_CAPTURE_AUTORELEASING = YES;
				CLANG_WARN_BOOL_CONVERSION = YES;
				CLANG_WARN_COMMA = YES;
				CLANG_WARN_CONSTANT_CONVERSION = YES;
				CLANG_WARN_DEPRECATED_OBJC_IMPLEMENTATIONS = YES;
				CLANG_WARN_DIRECT_OBJC_ISA_USAGE = YES_ERROR;
				CLANG_WARN_DOCUMENTATION_COMMENTS = YES;
				CLANG_WARN_EMPTY_BODY = YES;
				CLANG_WARN_ENUM_CONVERSION = YES;
				CLANG_WARN_INFINITE_RECURSION = YES;
				CLANG_WARN_INT_CONVERSION = YES;
				CLANG_WARN_NON_LITERAL_NULL_CONVERSION = YES;
				CLANG_WARN_OBJC_IMPLICIT_RETAIN_SELF = YES;
				CLANG_WARN_OBJC_LITERAL_CONVERSION = YES;
				CLANG_WARN_OBJC_ROOT_CLASS = YES_ERROR;
				CLANG_WARN_QUOTED_INCLUDE_IN_FRAMEWORK_HEADER = YES;
				CLANG_WARN_RANGE_LOOP_ANALYSIS = YES;
				CLANG_WARN_STRICT_PROTOTYPES = YES;
				CLANG_WARN_SUSPICIOUS_MOVE = YES;
				CLANG_WARN_UNGUARDED_AVAILABILITY = YES_AGGRESSIVE;
				CLANG_WARN_UNREACHABLE_CODE = YES;
				CLANG_WARN__DUPLICATE_METHOD_MATCH = YES;
				COPY_PHASE_STRIP = NO;
				DEBUG_INFORMATION_FORMAT = dwarf;
				ENABLE_STRICT_OBJC_MSGSEND = YES;
				ENABLE_TESTABILITY = YES;
				GCC_C_LANGUAGE_STANDARD = gnu11;
				GCC_DYNAMIC_NO_PIC = NO;
				GCC_NO_COMMON_BLOCKS = YES;
				GCC_OPTIMIZATION_LEVEL = 0;
				GCC_PREPROCESSOR_DEFINITIONS = (
					"DEBUG=1",
					"$(inherited)",
				);
				GCC_WARN_64_TO_32_BIT_CONVERSION = YES;
				GCC_WARN_ABOUT_RETURN_TYPE = YES_ERROR;
				GCC_WARN_UNDECLARED_SELECTOR = YES;
				GCC_WARN_UNINITIALIZED_AUTOS = YES_AGGRESSIVE;
				GCC_WARN_UNUSED_FUNCTION = YES;
				GCC_WARN_UNUSED_VARIABLE = YES;
				MACOSX_DEPLOYMENT_TARGET = 12.0;
				MTL_ENABLE_DEBUG_INFO = INCLUDE_SOURCE;
				MTL_FAST_MATH = YES;
				ONLY_ACTIVE_ARCH = YES;
				SDKROOT = macosx;
			};
			name = Debug;
		};
		84D7222028867DB800B6136E /* Release */ = {
			isa = XCBuildConfiguration;
			buildSettings = {
				ALWAYS_SEARCH_USER_PATHS = NO;
				CLANG_ANALYZER_NONNULL = YES;
				CLANG_ANALYZER_NUMBER_OBJECT_CONVERSION = YES_AGGRESSIVE;
				CLANG_CXX_LANGUAGE_STANDARD = "gnu++17";
				CLANG_ENABLE_MODULES = YES;
				CLANG_ENABLE_OBJC_ARC = YES;
				CLANG_ENABLE_OBJC_WEAK = YES;
				CLANG_WARN_BLOCK_CAPTURE_AUTORELEASING = YES;
				CLANG_WARN_BOOL_CONVERSION = YES;
				CLANG_WARN_COMMA = YES;
				CLANG_WARN_CONSTANT_CONVERSION = YES;
				CLANG_WARN_DEPRECATED_OBJC_IMPLEMENTATIONS = YES;
				CLANG_WARN_DIRECT_OBJC_ISA_USAGE = YES_ERROR;
				CLANG_WARN_DOCUMENTATION_COMMENTS = YES;
				CLANG_WARN_EMPTY_BODY = YES;
				CLANG_WARN_ENUM_CONVERSION = YES;
				CLANG_WARN_INFINITE_RECURSION = YES;
				CLANG_WARN_INT_CONVERSION = YES;
				CLANG_WARN_NON_LITERAL_NULL_CONVERSION = YES;
				CLANG_WARN_OBJC_IMPLICIT_RETAIN_SELF = YES;
				CLANG_WARN_OBJC_LITERAL_CONVERSION = YES;
				CLANG_WARN_OBJC_ROOT_CLASS = YES_ERROR;
				CLANG_WARN_QUOTED_INCLUDE_IN_FRAMEWORK_HEADER = YES;
				CLANG_WARN_RANGE_LOOP_ANALYSIS = YES;
				CLANG_WARN_STRICT_PROTOTYPES = YES;
				CLANG_WARN_SUSPICIOUS_MOVE = YES;
				CLANG_WARN_UNGUARDED_AVAILABILITY = YES_AGGRESSIVE;
				CLANG_WARN_UNREACHABLE_CODE = YES;
				CLANG_WARN__DUPLICATE_METHOD_MATCH = YES;
				COPY_PHASE_STRIP = NO;
				DEBUG_INFORMATION_FORMAT = "dwarf-with-dsym";
				ENABLE_NS_ASSERTIONS = NO;
				ENABLE_STRICT_OBJC_MSGSEND = YES;
				GCC_C_LANGUAGE_STANDARD = gnu11;
				GCC_NO_COMMON_BLOCKS = YES;
				GCC_WARN_64_TO_32_BIT_CONVERSION = YES;
				GCC_WARN_ABOUT_RETURN_TYPE = YES_ERROR;
				GCC_WARN_UNDECLARED_SELECTOR = YES;
				GCC_WARN_UNINITIALIZED_AUTOS = YES_AGGRESSIVE;
				GCC_WARN_UNUSED_FUNCTION = YES;
				GCC_WARN_UNUSED_VARIABLE = YES;
				MACOSX_DEPLOYMENT_TARGET = 12.0;
				MTL_ENABLE_DEBUG_INFO = NO;
				MTL_FAST_MATH = YES;
				SDKROOT = macosx;
			};
			name = Release;
		};
		84D7222228867DB800B6136E /* Debug */ = {
			isa = XCBuildConfiguration;
			buildSettings = {
				ARCHS = "$(ARCHS_STANDARD)";
				ASSETCATALOG_COMPILER_APPICON_NAME = AppIcon;
				ASSETCATALOG_COMPILER_GLOBAL_ACCENT_COLOR_NAME = AccentColor;
				CODE_SIGN_ENTITLEMENTS = VideoFilter/VideoFilter.entitlements;
				CODE_SIGN_STYLE = Automatic;
				COMBINE_HIDPI_IMAGES = YES;
				CURRENT_PROJECT_VERSION = 1;
				FRAMEWORK_SEARCH_PATHS = "$(PROJECT_DIR)/../../../../../deps/mac/zp-sdk-matrix/libs/$(CONFIGURATION)";
				GENERATE_INFOPLIST_FILE = YES;
				INFOPLIST_KEY_NSCameraUsageDescription = "使用摄像头";
				INFOPLIST_KEY_NSHumanReadableCopyright = "";
				INFOPLIST_KEY_NSMainStoryboardFile = Main;
				INFOPLIST_KEY_NSPrincipalClass = NSApplication;
				LD_RUNPATH_SEARCH_PATHS = (
					"$(inherited)",
					"@executable_path/../Frameworks",
				);
				MACOSX_DEPLOYMENT_TARGET = 10.11;
				MARKETING_VERSION = 1.0;
				PRODUCT_BUNDLE_IDENTIFIER = com.nebula.VideoFilter;
				PRODUCT_NAME = "$(TARGET_NAME)";
				SWIFT_EMIT_LOC_STRINGS = YES;
			};
			name = Debug;
		};
		84D7222328867DB800B6136E /* Release */ = {
			isa = XCBuildConfiguration;
			buildSettings = {
				ARCHS = "$(ARCHS_STANDARD)";
				ASSETCATALOG_COMPILER_APPICON_NAME = AppIcon;
				ASSETCATALOG_COMPILER_GLOBAL_ACCENT_COLOR_NAME = AccentColor;
				CODE_SIGN_ENTITLEMENTS = VideoFilter/VideoFilter.entitlements;
				CODE_SIGN_STYLE = Automatic;
				COMBINE_HIDPI_IMAGES = YES;
				CURRENT_PROJECT_VERSION = 1;
				FRAMEWORK_SEARCH_PATHS = "$(PROJECT_DIR)/../../../../../deps/mac/zp-sdk-matrix/libs/$(CONFIGURATION)";
				GENERATE_INFOPLIST_FILE = YES;
				INFOPLIST_KEY_NSCameraUsageDescription = "使用摄像头";
				INFOPLIST_KEY_NSHumanReadableCopyright = "";
				INFOPLIST_KEY_NSMainStoryboardFile = Main;
				INFOPLIST_KEY_NSPrincipalClass = NSApplication;
				LD_RUNPATH_SEARCH_PATHS = (
					"$(inherited)",
					"@executable_path/../Frameworks",
				);
				MACOSX_DEPLOYMENT_TARGET = 10.11;
				MARKETING_VERSION = 1.0;
				PRODUCT_BUNDLE_IDENTIFIER = com.nebula.VideoFilter;
				PRODUCT_NAME = "$(TARGET_NAME)";
				SWIFT_EMIT_LOC_STRINGS = YES;
			};
			name = Release;
		};
/* End XCBuildConfiguration section */

/* Begin XCConfigurationList section */
		84D7220928867DB700B6136E /* Build configuration list for PBXProject "VideoFilter" */ = {
			isa = XCConfigurationList;
			buildConfigurations = (
				84D7221F28867DB800B6136E /* Debug */,
				84D7222028867DB800B6136E /* Release */,
			);
			defaultConfigurationIsVisible = 0;
			defaultConfigurationName = Release;
		};
		84D7222128867DB800B6136E /* Build configuration list for PBXNativeTarget "VideoFilter" */ = {
			isa = XCConfigurationList;
			buildConfigurations = (
				84D7222228867DB800B6136E /* Debug */,
				84D7222328867DB800B6136E /* Release */,
			);
			defaultConfigurationIsVisible = 0;
			defaultConfigurationName = Release;
		};
/* End XCConfigurationList section */
	};
	rootObject = 84D7220628867DB700B6136E /* Project object */;
}
