# THIS IS AN AUTOGENERATED FILE. DO NOT EDIT THIS FILE DIRECTLY.
# yarn lockfile v1


"@algolia/autocomplete-core@1.9.3":
  version "1.9.3"
  resolved "https://registry.yarnpkg.com/@algolia/autocomplete-core/-/autocomplete-core-1.9.3.tgz#1d56482a768c33aae0868c8533049e02e8961be7"
  integrity sha512-009HdfugtGCdC4JdXUbVJClA0q0zh24yyePn+KUGk3rP7j8FEe/m5Yo/z65gn6nP/cM39PxpzqKrL7A6fP6PPw==
  dependencies:
    "@algolia/autocomplete-plugin-algolia-insights" "1.9.3"
    "@algolia/autocomplete-shared" "1.9.3"

"@algolia/autocomplete-plugin-algolia-insights@1.9.3":
  version "1.9.3"
  resolved "https://registry.yarnpkg.com/@algolia/autocomplete-plugin-algolia-insights/-/autocomplete-plugin-algolia-insights-1.9.3.tgz#9b7f8641052c8ead6d66c1623d444cbe19dde587"
  integrity sha512-a/yTUkcO/Vyy+JffmAnTWbr4/90cLzw+CC3bRbhnULr/EM0fGNvM13oQQ14f2moLMcVDyAx/leczLlAOovhSZg==
  dependencies:
    "@algolia/autocomplete-shared" "1.9.3"

"@algolia/autocomplete-preset-algolia@1.9.3":
  version "1.9.3"
  resolved "https://registry.yarnpkg.com/@algolia/autocomplete-preset-algolia/-/autocomplete-preset-algolia-1.9.3.tgz#64cca4a4304cfcad2cf730e83067e0c1b2f485da"
  integrity sha512-d4qlt6YmrLMYy95n5TB52wtNDr6EgAIPH81dvvvW8UmuWRgxEtY0NJiPwl/h95JtG2vmRM804M0DSwMCNZlzRA==
  dependencies:
    "@algolia/autocomplete-shared" "1.9.3"

"@algolia/autocomplete-shared@1.9.3":
  version "1.9.3"
  resolved "https://registry.yarnpkg.com/@algolia/autocomplete-shared/-/autocomplete-shared-1.9.3.tgz#2e22e830d36f0a9cf2c0ccd3c7f6d59435b77dfa"
  integrity sha512-Wnm9E4Ye6Rl6sTTqjoymD+l8DjSTHsHboVRYrKgEt8Q7UHm9nYbqhN/i0fhUYA3OAEH7WA8x3jfpnmJm3rKvaQ==

"@algolia/cache-browser-local-storage@4.19.1":
  version "4.19.1"
  resolved "https://registry.yarnpkg.com/@algolia/cache-browser-local-storage/-/cache-browser-local-storage-4.19.1.tgz#d29f42775ed4d117182897ac164519c593faf399"
  integrity sha512-FYAZWcGsFTTaSAwj9Std8UML3Bu8dyWDncM7Ls8g+58UOe4XYdlgzXWbrIgjaguP63pCCbMoExKr61B+ztK3tw==
  dependencies:
    "@algolia/cache-common" "4.19.1"

"@algolia/cache-common@4.19.1":
  version "4.19.1"
  resolved "https://registry.yarnpkg.com/@algolia/cache-common/-/cache-common-4.19.1.tgz#faa5eeacaffd6023c2cf26e9866bdb06193f9b26"
  integrity sha512-XGghi3l0qA38HiqdoUY+wvGyBsGvKZ6U3vTiMBT4hArhP3fOGLXpIINgMiiGjTe4FVlTa5a/7Zf2bwlIHfRqqg==

"@algolia/cache-in-memory@4.19.1":
  version "4.19.1"
  resolved "https://registry.yarnpkg.com/@algolia/cache-in-memory/-/cache-in-memory-4.19.1.tgz#afe4f0f21149800358379871089e0141fb72415b"
  integrity sha512-+PDWL+XALGvIginigzu8oU6eWw+o76Z8zHbBovWYcrtWOEtinbl7a7UTt3x3lthv+wNuFr/YD1Gf+B+A9V8n5w==
  dependencies:
    "@algolia/cache-common" "4.19.1"

"@algolia/client-account@4.19.1":
  version "4.19.1"
  resolved "https://registry.yarnpkg.com/@algolia/client-account/-/client-account-4.19.1.tgz#1fa65881baab79ad35af6bcf44646a13b8d5edc9"
  integrity sha512-Oy0ritA2k7AMxQ2JwNpfaEcgXEDgeyKu0V7E7xt/ZJRdXfEpZcwp9TOg4TJHC7Ia62gIeT2Y/ynzsxccPw92GA==
  dependencies:
    "@algolia/client-common" "4.19.1"
    "@algolia/client-search" "4.19.1"
    "@algolia/transporter" "4.19.1"

"@algolia/client-analytics@4.19.1":
  version "4.19.1"
  resolved "https://registry.yarnpkg.com/@algolia/client-analytics/-/client-analytics-4.19.1.tgz#e6ed79acd4de5a0284c9696bf4e1c25278ba34db"
  integrity sha512-5QCq2zmgdZLIQhHqwl55ZvKVpLM3DNWjFI4T+bHr3rGu23ew2bLO4YtyxaZeChmDb85jUdPDouDlCumGfk6wOg==
  dependencies:
    "@algolia/client-common" "4.19.1"
    "@algolia/client-search" "4.19.1"
    "@algolia/requester-common" "4.19.1"
    "@algolia/transporter" "4.19.1"

"@algolia/client-common@4.19.1":
  version "4.19.1"
  resolved "https://registry.yarnpkg.com/@algolia/client-common/-/client-common-4.19.1.tgz#40a8387316fa61d62ad1091beb3a8e227f008e75"
  integrity sha512-3kAIVqTcPrjfS389KQvKzliC559x+BDRxtWamVJt8IVp7LGnjq+aVAXg4Xogkur1MUrScTZ59/AaUd5EdpyXgA==
  dependencies:
    "@algolia/requester-common" "4.19.1"
    "@algolia/transporter" "4.19.1"

"@algolia/client-personalization@4.19.1":
  version "4.19.1"
  resolved "https://registry.yarnpkg.com/@algolia/client-personalization/-/client-personalization-4.19.1.tgz#fe362e0684dc74c3504c3641c5a7488c6ae02e07"
  integrity sha512-8CWz4/H5FA+krm9HMw2HUQenizC/DxUtsI5oYC0Jxxyce1vsr8cb1aEiSJArQT6IzMynrERif1RVWLac1m36xw==
  dependencies:
    "@algolia/client-common" "4.19.1"
    "@algolia/requester-common" "4.19.1"
    "@algolia/transporter" "4.19.1"

"@algolia/client-search@4.19.1":
  version "4.19.1"
  resolved "https://registry.yarnpkg.com/@algolia/client-search/-/client-search-4.19.1.tgz#5e54601aa5f5cea790cec3f2cde4af9d6403871e"
  integrity sha512-mBecfMFS4N+yK/p0ZbK53vrZbL6OtWMk8YmnOv1i0LXx4pelY8TFhqKoTit3NPVPwoSNN0vdSN9dTu1xr1XOVw==
  dependencies:
    "@algolia/client-common" "4.19.1"
    "@algolia/requester-common" "4.19.1"
    "@algolia/transporter" "4.19.1"

"@algolia/logger-common@4.19.1":
  version "4.19.1"
  resolved "https://registry.yarnpkg.com/@algolia/logger-common/-/logger-common-4.19.1.tgz#0e46a11510f3e94e1afc0ac780ae52e9597be78f"
  integrity sha512-i6pLPZW/+/YXKis8gpmSiNk1lOmYCmRI6+x6d2Qk1OdfvX051nRVdalRbEcVTpSQX6FQAoyeaui0cUfLYW5Elw==

"@algolia/logger-console@4.19.1":
  version "4.19.1"
  resolved "https://registry.yarnpkg.com/@algolia/logger-console/-/logger-console-4.19.1.tgz#656a6f4ebb5de39af6ef7095c398d9ab3cceb87d"
  integrity sha512-jj72k9GKb9W0c7TyC3cuZtTr0CngLBLmc8trzZlXdfvQiigpUdvTi1KoWIb2ZMcRBG7Tl8hSb81zEY3zI2RlXg==
  dependencies:
    "@algolia/logger-common" "4.19.1"

"@algolia/requester-browser-xhr@4.19.1":
  version "4.19.1"
  resolved "https://registry.yarnpkg.com/@algolia/requester-browser-xhr/-/requester-browser-xhr-4.19.1.tgz#7341ea2f980b8980a2976110142026721e452187"
  integrity sha512-09K/+t7lptsweRTueHnSnmPqIxbHMowejAkn9XIcJMLdseS3zl8ObnS5GWea86mu3vy4+8H+ZBKkUN82Zsq/zg==
  dependencies:
    "@algolia/requester-common" "4.19.1"

"@algolia/requester-common@4.19.1":
  version "4.19.1"
  resolved "https://registry.yarnpkg.com/@algolia/requester-common/-/requester-common-4.19.1.tgz#f3396c77631b9d36e8d4d6f819a2c27f9ddbf7a1"
  integrity sha512-BisRkcWVxrDzF1YPhAckmi2CFYK+jdMT60q10d7z3PX+w6fPPukxHRnZwooiTUrzFe50UBmLItGizWHP5bDzVQ==

"@algolia/requester-node-http@4.19.1":
  version "4.19.1"
  resolved "https://registry.yarnpkg.com/@algolia/requester-node-http/-/requester-node-http-4.19.1.tgz#ea210de9642628b3bdda1dd7fcd1fcb686da442e"
  integrity sha512-6DK52DHviBHTG2BK/Vv2GIlEw7i+vxm7ypZW0Z7vybGCNDeWzADx+/TmxjkES2h15+FZOqVf/Ja677gePsVItA==
  dependencies:
    "@algolia/requester-common" "4.19.1"

"@algolia/transporter@4.19.1":
  version "4.19.1"
  resolved "https://registry.yarnpkg.com/@algolia/transporter/-/transporter-4.19.1.tgz#b5787299740c4bec9ba05502d98c14b5999860c8"
  integrity sha512-nkpvPWbpuzxo1flEYqNIbGz7xhfhGOKGAZS7tzC+TELgEmi7z99qRyTfNSUlW7LZmB3ACdnqAo+9A9KFBENviQ==
  dependencies:
    "@algolia/cache-common" "4.19.1"
    "@algolia/logger-common" "4.19.1"
    "@algolia/requester-common" "4.19.1"

"@babel/parser@^7.20.15", "@babel/parser@^7.21.3":
  version "7.22.7"
  resolved "https://registry.yarnpkg.com/@babel/parser/-/parser-7.22.7.tgz#df8cf085ce92ddbdbf668a7f186ce848c9036cae"
  integrity sha512-7NF8pOkHP5o2vpmGgNGcfAeCvOYhGLyA3Z4eBQkT1RJlWu47n63bCs93QfJ2hIAFCil7L5P2IWhs1oToVgrL0Q==

"@docsearch/css@3.5.1", "@docsearch/css@^3.5.1":
  version "3.5.1"
  resolved "https://registry.yarnpkg.com/@docsearch/css/-/css-3.5.1.tgz#4adf9884735bbfea621c3716e80ea97baa419b73"
  integrity sha512-2Pu9HDg/uP/IT10rbQ+4OrTQuxIWdKVUEdcw9/w7kZJv9NeHS6skJx1xuRiFyoGKwAzcHXnLp7csE99sj+O1YA==

"@docsearch/js@^3.5.1":
  version "3.5.1"
  resolved "https://registry.yarnpkg.com/@docsearch/js/-/js-3.5.1.tgz#6d8de3b4fcf7de94462c0e592e333efa9ebbbabd"
  integrity sha512-EXi8de5njxgP6TV3N9ytnGRLG9zmBNTEZjR4VzwPcpPLbZxxTLG2gaFyJyKiFVQxHW/DPlMrDJA3qoRRGEkgZw==
  dependencies:
    "@docsearch/react" "3.5.1"
    preact "^10.0.0"

"@docsearch/react@3.5.1":
  version "3.5.1"
  resolved "https://registry.yarnpkg.com/@docsearch/react/-/react-3.5.1.tgz#35f4a75f948211d8bb6830d2147c575f96a85274"
  integrity sha512-t5mEODdLzZq4PTFAm/dvqcvZFdPDMdfPE5rJS5SC8OUq9mPzxEy6b+9THIqNM9P0ocCb4UC5jqBrxKclnuIbzQ==
  dependencies:
    "@algolia/autocomplete-core" "1.9.3"
    "@algolia/autocomplete-preset-algolia" "1.9.3"
    "@docsearch/css" "3.5.1"
    algoliasearch "^4.0.0"

"@esbuild/android-arm64@0.18.15":
  version "0.18.15"
  resolved "https://registry.yarnpkg.com/@esbuild/android-arm64/-/android-arm64-0.18.15.tgz#abbe87b815d2f95ec749ffb4eba65d7d5343411f"
  integrity sha512-NI/gnWcMl2kXt1HJKOn2H69SYn4YNheKo6NZt1hyfKWdMbaGadxjZIkcj4Gjk/WPxnbFXs9/3HjGHaknCqjrww==

"@esbuild/android-arm@0.18.15":
  version "0.18.15"
  resolved "https://registry.yarnpkg.com/@esbuild/android-arm/-/android-arm-0.18.15.tgz#6afedd79c68d5d4d1e434e20a9ab620bb5849372"
  integrity sha512-wlkQBWb79/jeEEoRmrxt/yhn5T1lU236OCNpnfRzaCJHZ/5gf82uYx1qmADTBWE0AR/v7FiozE1auk2riyQd3w==

"@esbuild/android-x64@0.18.15":
  version "0.18.15"
  resolved "https://registry.yarnpkg.com/@esbuild/android-x64/-/android-x64-0.18.15.tgz#cdd886a58748b1584ad72d960c446fa958c11ab3"
  integrity sha512-FM9NQamSaEm/IZIhegF76aiLnng1kEsZl2eve/emxDeReVfRuRNmvT28l6hoFD9TsCxpK+i4v8LPpEj74T7yjA==

"@esbuild/darwin-arm64@0.18.15":
  version "0.18.15"
  resolved "https://registry.yarnpkg.com/@esbuild/darwin-arm64/-/darwin-arm64-0.18.15.tgz#648b124a6a63022adb5b0cf441e264e8f5ba4af2"
  integrity sha512-XmrFwEOYauKte9QjS6hz60FpOCnw4zaPAb7XV7O4lx1r39XjJhTN7ZpXqJh4sN6q60zbP6QwAVVA8N/wUyBH/w==

"@esbuild/darwin-x64@0.18.15":
  version "0.18.15"
  resolved "https://registry.yarnpkg.com/@esbuild/darwin-x64/-/darwin-x64-0.18.15.tgz#91cd2601c1604d123454d325e6b24fb6438350cf"
  integrity sha512-bMqBmpw1e//7Fh5GLetSZaeo9zSC4/CMtrVFdj+bqKPGJuKyfNJ5Nf2m3LknKZTS+Q4oyPiON+v3eaJ59sLB5A==

"@esbuild/freebsd-arm64@0.18.15":
  version "0.18.15"
  resolved "https://registry.yarnpkg.com/@esbuild/freebsd-arm64/-/freebsd-arm64-0.18.15.tgz#575940b0fc2f52833de4f6360445586742a8ff8b"
  integrity sha512-LoTK5N3bOmNI9zVLCeTgnk5Rk0WdUTrr9dyDAQGVMrNTh9EAPuNwSTCgaKOKiDpverOa0htPcO9NwslSE5xuLA==

"@esbuild/freebsd-x64@0.18.15":
  version "0.18.15"
  resolved "https://registry.yarnpkg.com/@esbuild/freebsd-x64/-/freebsd-x64-0.18.15.tgz#09694fc601dd8d3263a1075977ee7d3488514ef8"
  integrity sha512-62jX5n30VzgrjAjOk5orYeHFq6sqjvsIj1QesXvn5OZtdt5Gdj0vUNJy9NIpjfdNdqr76jjtzBJKf+h2uzYuTQ==

"@esbuild/linux-arm64@0.18.15":
  version "0.18.15"
  resolved "https://registry.yarnpkg.com/@esbuild/linux-arm64/-/linux-arm64-0.18.15.tgz#2f5d226b024964f2b5b6bce7c874a8ad31785fa2"
  integrity sha512-BWncQeuWDgYv0jTNzJjaNgleduV4tMbQjmk/zpPh/lUdMcNEAxy+jvneDJ6RJkrqloG7tB9S9rCrtfk/kuplsQ==

"@esbuild/linux-arm@0.18.15":
  version "0.18.15"
  resolved "https://registry.yarnpkg.com/@esbuild/linux-arm/-/linux-arm-0.18.15.tgz#172331fc66bbe89ba96e5e2ad583b2faa132d85c"
  integrity sha512-dT4URUv6ir45ZkBqhwZwyFV6cH61k8MttIwhThp2BGiVtagYvCToF+Bggyx2VI57RG4Fbt21f9TmXaYx0DeUJg==

"@esbuild/linux-ia32@0.18.15":
  version "0.18.15"
  resolved "https://registry.yarnpkg.com/@esbuild/linux-ia32/-/linux-ia32-0.18.15.tgz#fa797051131ee5f46d70c65a7edd14b6230cfc2f"
  integrity sha512-JPXORvgHRHITqfms1dWT/GbEY89u848dC08o0yK3fNskhp0t2TuNUnsrrSgOdH28ceb1hJuwyr8R/1RnyPwocw==

"@esbuild/linux-loong64@0.18.15":
  version "0.18.15"
  resolved "https://registry.yarnpkg.com/@esbuild/linux-loong64/-/linux-loong64-0.18.15.tgz#aeae1fa3d92b1486a91c0cb1cfd9c0ebe9168de4"
  integrity sha512-kArPI0DopjJCEplsVj/H+2Qgzz7vdFSacHNsgoAKpPS6W/Ndh8Oe24HRDQ5QCu4jHgN6XOtfFfLpRx3TXv/mEg==

"@esbuild/linux-mips64el@0.18.15":
  version "0.18.15"
  resolved "https://registry.yarnpkg.com/@esbuild/linux-mips64el/-/linux-mips64el-0.18.15.tgz#b63cfe356c33807c4d8ee5a75452922e98502073"
  integrity sha512-b/tmngUfO02E00c1XnNTw/0DmloKjb6XQeqxaYuzGwHe0fHVgx5/D6CWi+XH1DvkszjBUkK9BX7n1ARTOst59w==

"@esbuild/linux-ppc64@0.18.15":
  version "0.18.15"
  resolved "https://registry.yarnpkg.com/@esbuild/linux-ppc64/-/linux-ppc64-0.18.15.tgz#7dcb394e69cb47e4dc8a5960dd58b1a273d07f5d"
  integrity sha512-KXPY69MWw79QJkyvUYb2ex/OgnN/8N/Aw5UDPlgoRtoEfcBqfeLodPr42UojV3NdkoO4u10NXQdamWm1YEzSKw==

"@esbuild/linux-riscv64@0.18.15":
  version "0.18.15"
  resolved "https://registry.yarnpkg.com/@esbuild/linux-riscv64/-/linux-riscv64-0.18.15.tgz#fdfb9cf23b50d33112315e3194b9e16f7abf6c30"
  integrity sha512-komK3NEAeeGRnvFEjX1SfVg6EmkfIi5aKzevdvJqMydYr9N+pRQK0PGJXk+bhoPZwOUgLO4l99FZmLGk/L1jWg==

"@esbuild/linux-s390x@0.18.15":
  version "0.18.15"
  resolved "https://registry.yarnpkg.com/@esbuild/linux-s390x/-/linux-s390x-0.18.15.tgz#ce608d95989a502878d7cb1167df791e45268011"
  integrity sha512-632T5Ts6gQ2WiMLWRRyeflPAm44u2E/s/TJvn+BP6M5mnHSk93cieaypj3VSMYO2ePTCRqAFXtuYi1yv8uZJNA==

"@esbuild/linux-x64@0.18.15":
  version "0.18.15"
  resolved "https://registry.yarnpkg.com/@esbuild/linux-x64/-/linux-x64-0.18.15.tgz#49bbba5607702709f63b41906b4f1bcc44cf2f8e"
  integrity sha512-MsHtX0NgvRHsoOtYkuxyk4Vkmvk3PLRWfA4okK7c+6dT0Fu4SUqXAr9y4Q3d8vUf1VWWb6YutpL4XNe400iQ1g==

"@esbuild/netbsd-x64@0.18.15":
  version "0.18.15"
  resolved "https://registry.yarnpkg.com/@esbuild/netbsd-x64/-/netbsd-x64-0.18.15.tgz#08b5ccaf027c7e2174b9a19c29bebfe59dce1cfb"
  integrity sha512-djST6s+jQiwxMIVQ5rlt24JFIAr4uwUnzceuFL7BQT4CbrRtqBPueS4GjXSiIpmwVri1Icj/9pFRJ7/aScvT+A==

"@esbuild/openbsd-x64@0.18.15":
  version "0.18.15"
  resolved "https://registry.yarnpkg.com/@esbuild/openbsd-x64/-/openbsd-x64-0.18.15.tgz#38ec4223ebab562f0a89ffe20a40f05d500f89f0"
  integrity sha512-naeRhUIvhsgeounjkF5mvrNAVMGAm6EJWiabskeE5yOeBbLp7T89tAEw0j5Jm/CZAwyLe3c67zyCWH6fsBLCpw==

"@esbuild/sunos-x64@0.18.15":
  version "0.18.15"
  resolved "https://registry.yarnpkg.com/@esbuild/sunos-x64/-/sunos-x64-0.18.15.tgz#dbbebf641957a54b77f39ca9b10b0b38586799ba"
  integrity sha512-qkT2+WxyKbNIKV1AEhI8QiSIgTHMcRctzSaa/I3kVgMS5dl3fOeoqkb7pW76KwxHoriImhx7Mg3TwN/auMDsyQ==

"@esbuild/win32-arm64@0.18.15":
  version "0.18.15"
  resolved "https://registry.yarnpkg.com/@esbuild/win32-arm64/-/win32-arm64-0.18.15.tgz#7f15fe5d14b9b24eb18ca211ad92e0f5df92a18b"
  integrity sha512-HC4/feP+pB2Vb+cMPUjAnFyERs+HJN7E6KaeBlFdBv799MhD+aPJlfi/yk36SED58J9TPwI8MAcVpJgej4ud0A==

"@esbuild/win32-ia32@0.18.15":
  version "0.18.15"
  resolved "https://registry.yarnpkg.com/@esbuild/win32-ia32/-/win32-ia32-0.18.15.tgz#a6609735a4a5e8fbdeb045720bc8be46825566fa"
  integrity sha512-ovjwoRXI+gf52EVF60u9sSDj7myPixPxqzD5CmkEUmvs+W9Xd0iqISVBQn8xcx4ciIaIVlWCuTbYDOXOnOL44Q==

"@esbuild/win32-x64@0.18.15":
  version "0.18.15"
  resolved "https://registry.yarnpkg.com/@esbuild/win32-x64/-/win32-x64-0.18.15.tgz#41ee66253566124cc44bce1b4c760a87d9f5bf1d"
  integrity sha512-imUxH9a3WJARyAvrG7srLyiK73XdX83NXQkjKvQ+7vPh3ZxoLrzvPkQKKw2DwZ+RV2ZB6vBfNHP8XScAmQC3aA==

"@jridgewell/sourcemap-codec@^1.4.15":
  version "1.4.15"
  resolved "https://registry.yarnpkg.com/@jridgewell/sourcemap-codec/-/sourcemap-codec-1.4.15.tgz#d7c6e6755c78567a951e04ab52ef0fd26de59f32"
  integrity sha512-eF2rxCRulEKXHTRiDrDy6erMYWqNw4LPdQ8UQA4huuxaQsVeRPFl2oM8oDGxMFhJUWZf9McpLtJasDDZb/Bpeg==

"@mdit-vue/shared@^0.12.0":
  version "0.12.0"
  resolved "https://registry.yarnpkg.com/@mdit-vue/shared/-/shared-0.12.0.tgz#e4e7d5ffb362dedb92b161fcbf05e81a3d2ac143"
  integrity sha512-E+sGSubhvnp+Gmb2hJXFDxdLwwQD1H52EVbA4yrxxI5q/cwtnPIN2eJU3zlZB9KcvzXYDFFwt/x2mfhK8RZKBg==
  dependencies:
    "@mdit-vue/types" "0.12.0"
    "@types/markdown-it" "^12.2.3"
    markdown-it "^13.0.1"

"@mdit-vue/types@0.12.0":
  version "0.12.0"
  resolved "https://registry.yarnpkg.com/@mdit-vue/types/-/types-0.12.0.tgz#096ff57d3590d076f7d7561dbc9956fb0bb89fe1"
  integrity sha512-mrC4y8n88BYvgcgzq9bvTlDgFyi2zuvzmPilRvRc3Uz1iIvq8mDhxJ0rHKFUNzPEScpDvJdIujqiDrulMqiudA==

"@types/linkify-it@*":
  version "3.0.2"
  resolved "https://registry.yarnpkg.com/@types/linkify-it/-/linkify-it-3.0.2.tgz#fd2cd2edbaa7eaac7e7f3c1748b52a19143846c9"
  integrity sha512-HZQYqbiFVWufzCwexrvh694SOim8z2d+xJl5UNamcvQFejLY/2YUtzXHYi3cHdI7PMlS8ejH2slRAOJQ32aNbA==

"@types/markdown-it@^12.2.3":
  version "12.2.3"
  resolved "https://registry.yarnpkg.com/@types/markdown-it/-/markdown-it-12.2.3.tgz#0d6f6e5e413f8daaa26522904597be3d6cd93b51"
  integrity sha512-GKMHFfv3458yYy+v/N8gjufHO6MSZKCOXpZc5GXIWWy8uldwfmPn98vp81gZ5f9SVw8YYBctgfJ22a2d7AOMeQ==
  dependencies:
    "@types/linkify-it" "*"
    "@types/mdurl" "*"

"@types/mdurl@*":
  version "1.0.2"
  resolved "https://registry.yarnpkg.com/@types/mdurl/-/mdurl-1.0.2.tgz#e2ce9d83a613bacf284c7be7d491945e39e1f8e9"
  integrity sha512-eC4U9MlIcu2q0KQmXszyn5Akca/0jrQmwDRgpAMJai7qBWq4amIQhZyNau4VYGtCeALvW1/NtjzJJ567aZxfKA==

"@types/node@^20.4.4":
  version "20.4.4"
  resolved "https://registry.yarnpkg.com/@types/node/-/node-20.4.4.tgz#c79c7cc22c9d0e97a7944954c9e663bcbd92b0cb"
  integrity sha512-CukZhumInROvLq3+b5gLev+vgpsIqC2D0deQr/yS1WnxvmYLlJXZpaQrQiseMY+6xusl79E04UjWoqyr+t1/Ew==

"@types/web-bluetooth@^0.0.17":
  version "0.0.17"
  resolved "https://registry.yarnpkg.com/@types/web-bluetooth/-/web-bluetooth-0.0.17.tgz#5c9f3c617f64a9735d7b72a7cc671e166d900c40"
  integrity sha512-4p9vcSmxAayx72yn70joFoL44c9MO/0+iVEBIQXe3v2h2SiAsEIo/G5v6ObFWvNKRFjbrVadNf9LqEEZeQPzdA==

"@vitejs/plugin-vue@^4.2.3":
  version "4.2.3"
  resolved "https://registry.yarnpkg.com/@vitejs/plugin-vue/-/plugin-vue-4.2.3.tgz#ee0b6dfcc62fe65364e6395bf38fa2ba10bb44b6"
  integrity sha512-R6JDUfiZbJA9cMiguQ7jxALsgiprjBeHL5ikpXfJCH62pPHtI+JdJ5xWj6Ev73yXSlYl86+blXn1kZHQ7uElxw==

"@vue/compiler-core@3.3.4":
  version "3.3.4"
  resolved "https://registry.yarnpkg.com/@vue/compiler-core/-/compiler-core-3.3.4.tgz#7fbf591c1c19e1acd28ffd284526e98b4f581128"
  integrity sha512-cquyDNvZ6jTbf/+x+AgM2Arrp6G4Dzbb0R64jiG804HRMfRiFXWI6kqUVqZ6ZR0bQhIoQjB4+2bhNtVwndW15g==
  dependencies:
    "@babel/parser" "^7.21.3"
    "@vue/shared" "3.3.4"
    estree-walker "^2.0.2"
    source-map-js "^1.0.2"

"@vue/compiler-dom@3.3.4":
  version "3.3.4"
  resolved "https://registry.yarnpkg.com/@vue/compiler-dom/-/compiler-dom-3.3.4.tgz#f56e09b5f4d7dc350f981784de9713d823341151"
  integrity sha512-wyM+OjOVpuUukIq6p5+nwHYtj9cFroz9cwkfmP9O1nzH68BenTTv0u7/ndggT8cIQlnBeOo6sUT/gvHcIkLA5w==
  dependencies:
    "@vue/compiler-core" "3.3.4"
    "@vue/shared" "3.3.4"

"@vue/compiler-sfc@3.3.4":
  version "3.3.4"
  resolved "https://registry.yarnpkg.com/@vue/compiler-sfc/-/compiler-sfc-3.3.4.tgz#b19d942c71938893535b46226d602720593001df"
  integrity sha512-6y/d8uw+5TkCuzBkgLS0v3lSM3hJDntFEiUORM11pQ/hKvkhSKZrXW6i69UyXlJQisJxuUEJKAWEqWbWsLeNKQ==
  dependencies:
    "@babel/parser" "^7.20.15"
    "@vue/compiler-core" "3.3.4"
    "@vue/compiler-dom" "3.3.4"
    "@vue/compiler-ssr" "3.3.4"
    "@vue/reactivity-transform" "3.3.4"
    "@vue/shared" "3.3.4"
    estree-walker "^2.0.2"
    magic-string "^0.30.0"
    postcss "^8.1.10"
    source-map-js "^1.0.2"

"@vue/compiler-ssr@3.3.4":
  version "3.3.4"
  resolved "https://registry.yarnpkg.com/@vue/compiler-ssr/-/compiler-ssr-3.3.4.tgz#9d1379abffa4f2b0cd844174ceec4a9721138777"
  integrity sha512-m0v6oKpup2nMSehwA6Uuu+j+wEwcy7QmwMkVNVfrV9P2qE5KshC6RwOCq8fjGS/Eak/uNb8AaWekfiXxbBB6gQ==
  dependencies:
    "@vue/compiler-dom" "3.3.4"
    "@vue/shared" "3.3.4"

"@vue/devtools-api@^6.5.0":
  version "6.5.0"
  resolved "https://registry.yarnpkg.com/@vue/devtools-api/-/devtools-api-6.5.0.tgz#98b99425edee70b4c992692628fa1ea2c1e57d07"
  integrity sha512-o9KfBeaBmCKl10usN4crU53fYtC1r7jJwdGKjPT24t348rHxgfpZ0xL3Xm/gLUYnc0oTp8LAmrxOeLyu6tbk2Q==

"@vue/reactivity-transform@3.3.4":
  version "3.3.4"
  resolved "https://registry.yarnpkg.com/@vue/reactivity-transform/-/reactivity-transform-3.3.4.tgz#52908476e34d6a65c6c21cd2722d41ed8ae51929"
  integrity sha512-MXgwjako4nu5WFLAjpBnCj/ieqcjE2aJBINUNQzkZQfzIZA4xn+0fV1tIYBJvvva3N3OvKGofRLvQIwEQPpaXw==
  dependencies:
    "@babel/parser" "^7.20.15"
    "@vue/compiler-core" "3.3.4"
    "@vue/shared" "3.3.4"
    estree-walker "^2.0.2"
    magic-string "^0.30.0"

"@vue/reactivity@3.3.4":
  version "3.3.4"
  resolved "https://registry.yarnpkg.com/@vue/reactivity/-/reactivity-3.3.4.tgz#a27a29c6cd17faba5a0e99fbb86ee951653e2253"
  integrity sha512-kLTDLwd0B1jG08NBF3R5rqULtv/f8x3rOFByTDz4J53ttIQEDmALqKqXY0J+XQeN0aV2FBxY8nJDf88yvOPAqQ==
  dependencies:
    "@vue/shared" "3.3.4"

"@vue/runtime-core@3.3.4":
  version "3.3.4"
  resolved "https://registry.yarnpkg.com/@vue/runtime-core/-/runtime-core-3.3.4.tgz#4bb33872bbb583721b340f3088888394195967d1"
  integrity sha512-R+bqxMN6pWO7zGI4OMlmvePOdP2c93GsHFM/siJI7O2nxFRzj55pLwkpCedEY+bTMgp5miZ8CxfIZo3S+gFqvA==
  dependencies:
    "@vue/reactivity" "3.3.4"
    "@vue/shared" "3.3.4"

"@vue/runtime-dom@3.3.4":
  version "3.3.4"
  resolved "https://registry.yarnpkg.com/@vue/runtime-dom/-/runtime-dom-3.3.4.tgz#992f2579d0ed6ce961f47bbe9bfe4b6791251566"
  integrity sha512-Aj5bTJ3u5sFsUckRghsNjVTtxZQ1OyMWCr5dZRAPijF/0Vy4xEoRCwLyHXcj4D0UFbJ4lbx3gPTgg06K/GnPnQ==
  dependencies:
    "@vue/runtime-core" "3.3.4"
    "@vue/shared" "3.3.4"
    csstype "^3.1.1"

"@vue/server-renderer@3.3.4":
  version "3.3.4"
  resolved "https://registry.yarnpkg.com/@vue/server-renderer/-/server-renderer-3.3.4.tgz#ea46594b795d1536f29bc592dd0f6655f7ea4c4c"
  integrity sha512-Q6jDDzR23ViIb67v+vM1Dqntu+HUexQcsWKhhQa4ARVzxOY2HbC7QRW/ggkDBd5BU+uM1sV6XOAP0b216o34JQ==
  dependencies:
    "@vue/compiler-ssr" "3.3.4"
    "@vue/shared" "3.3.4"

"@vue/shared@3.3.4":
  version "3.3.4"
  resolved "https://registry.yarnpkg.com/@vue/shared/-/shared-3.3.4.tgz#06e83c5027f464eef861c329be81454bc8b70780"
  integrity sha512-7OjdcV8vQ74eiz1TZLzZP4JwqM5fA94K6yntPS5Z25r9HDuGNzaGdgvwKYq6S+MxwF0TFRwe50fIR/MYnakdkQ==

"@vueuse/core@10.2.1", "@vueuse/core@^10.2.1":
  version "10.2.1"
  resolved "https://registry.yarnpkg.com/@vueuse/core/-/core-10.2.1.tgz#a62b54cdaf1496138a9f8a7df7f9d644892b421f"
  integrity sha512-c441bfMbkAwTNwVRHQ0zdYZNETK//P84rC01aP2Uy/aRFCiie9NE/k9KdIXbno0eDYP5NPUuWv0aA/I4Unr/7w==
  dependencies:
    "@types/web-bluetooth" "^0.0.17"
    "@vueuse/metadata" "10.2.1"
    "@vueuse/shared" "10.2.1"
    vue-demi ">=0.14.5"

"@vueuse/integrations@^10.2.1":
  version "10.2.1"
  resolved "https://registry.yarnpkg.com/@vueuse/integrations/-/integrations-10.2.1.tgz#abc44b35f909f6b5e1a66a2d69a257bb4b087536"
  integrity sha512-FDP5lni+z9FjHE9H3xuvwSjoRV9U8jmDvJpmHPCBjUgPGYRynwb60eHWXCFJXLUtb4gSIHy0e+iaEbrKdalCkQ==
  dependencies:
    "@vueuse/core" "10.2.1"
    "@vueuse/shared" "10.2.1"
    vue-demi ">=0.14.5"

"@vueuse/metadata@10.2.1":
  version "10.2.1"
  resolved "https://registry.yarnpkg.com/@vueuse/metadata/-/metadata-10.2.1.tgz#0865066def62ed97629c417ec79678d508d22934"
  integrity sha512-3Gt68mY/i6bQvFqx7cuGBzrCCQu17OBaGWS5JdwISpMsHnMKKjC2FeB5OAfMcCQ0oINfADP3i9A4PPRo0peHdQ==

"@vueuse/shared@10.2.1":
  version "10.2.1"
  resolved "https://registry.yarnpkg.com/@vueuse/shared/-/shared-10.2.1.tgz#0fd0a5dd014b7713b7fe03347b30fad69bb15b30"
  integrity sha512-QWHq2bSuGptkcxx4f4M/fBYC3Y8d3M2UYyLsyzoPgEoVzJURQ0oJeWXu79OiLlBb8gTKkqe4mO85T/sf39mmiw==
  dependencies:
    vue-demi ">=0.14.5"

algoliasearch@^4.0.0:
  version "4.19.1"
  resolved "https://registry.yarnpkg.com/algoliasearch/-/algoliasearch-4.19.1.tgz#18111fb422eaf841737adb92d5ab12133d244218"
  integrity sha512-IJF5b93b2MgAzcE/tuzW0yOPnuUyRgGAtaPv5UUywXM8kzqfdwZTO4sPJBzoGz1eOy6H9uEchsJsBFTELZSu+g==
  dependencies:
    "@algolia/cache-browser-local-storage" "4.19.1"
    "@algolia/cache-common" "4.19.1"
    "@algolia/cache-in-memory" "4.19.1"
    "@algolia/client-account" "4.19.1"
    "@algolia/client-analytics" "4.19.1"
    "@algolia/client-common" "4.19.1"
    "@algolia/client-personalization" "4.19.1"
    "@algolia/client-search" "4.19.1"
    "@algolia/logger-common" "4.19.1"
    "@algolia/logger-console" "4.19.1"
    "@algolia/requester-browser-xhr" "4.19.1"
    "@algolia/requester-common" "4.19.1"
    "@algolia/requester-node-http" "4.19.1"
    "@algolia/transporter" "4.19.1"

ansi-sequence-parser@^1.1.0:
  version "1.1.0"
  resolved "https://registry.yarnpkg.com/ansi-sequence-parser/-/ansi-sequence-parser-1.1.0.tgz#4d790f31236ac20366b23b3916b789e1bde39aed"
  integrity sha512-lEm8mt52to2fT8GhciPCGeCXACSz2UwIN4X2e2LJSnZ5uAbn2/dsYdOmUXq0AtWS5cpAupysIneExOgH0Vd2TQ==

anymatch@~3.1.2:
  version "3.1.3"
  resolved "https://registry.yarnpkg.com/anymatch/-/anymatch-3.1.3.tgz#790c58b19ba1720a84205b57c618d5ad8524973e"
  integrity sha512-KMReFUr0B4t+D+OBkjR3KYqvocp2XaSzO55UcB6mgQMd3KbcE+mWTyvVV7D/zsdEbNnV6acZUutkiHQXvTr1Rw==
  dependencies:
    normalize-path "^3.0.0"
    picomatch "^2.0.4"

argparse@^2.0.1:
  version "2.0.1"
  resolved "https://registry.yarnpkg.com/argparse/-/argparse-2.0.1.tgz#246f50f3ca78a3240f6c997e8a9bd1eac49e4b38"
  integrity sha512-8+9WqebbFzpX9OR+Wa6O29asIogeRMzcGtAINdpMHHyAg10f05aSFVBbcEqGf/PXw1EjAZ+q2/bEBg3DvurK3Q==

binary-extensions@^2.0.0:
  version "2.2.0"
  resolved "https://registry.yarnpkg.com/binary-extensions/-/binary-extensions-2.2.0.tgz#75f502eeaf9ffde42fc98829645be4ea76bd9e2d"
  integrity sha512-jDctJ/IVQbZoJykoeHbhXpOlNBqGNcwXJKJog42E5HDPUwQTSdjCHdihjj0DlnheQ7blbT6dHOafNAiS8ooQKA==

body-scroll-lock@4.0.0-beta.0:
  version "4.0.0-beta.0"
  resolved "https://registry.yarnpkg.com/body-scroll-lock/-/body-scroll-lock-4.0.0-beta.0.tgz#4f78789d10e6388115c0460cd6d7d4dd2bbc4f7e"
  integrity sha512-a7tP5+0Mw3YlUJcGAKUqIBkYYGlYxk2fnCasq/FUph1hadxlTRjF+gAcZksxANnaMnALjxEddmSi/H3OR8ugcQ==

braces@~3.0.2:
  version "3.0.2"
  resolved "https://registry.yarnpkg.com/braces/-/braces-3.0.2.tgz#3454e1a462ee8d599e236df336cd9ea4f8afe107"
  integrity sha512-b8um+L1RzM3WDSzvhm6gIz1yfTbBt6YTlcEKAvsmqCZZFw46z626lVj9j1yEPW33H5H+lBQpZMP1k8l+78Ha0A==
  dependencies:
    fill-range "^7.0.1"

"chokidar@>=3.0.0 <4.0.0":
  version "3.5.3"
  resolved "https://registry.yarnpkg.com/chokidar/-/chokidar-3.5.3.tgz#1cf37c8707b932bd1af1ae22c0432e2acd1903bd"
  integrity sha512-Dr3sfKRP6oTcjf2JmUmFJfeVMvXBdegxB0iVQ5eb2V10uFJUCAS8OByZdVAyVb8xXNz3GjjTgj9kLWsZTqE6kw==
  dependencies:
    anymatch "~3.1.2"
    braces "~3.0.2"
    glob-parent "~5.1.2"
    is-binary-path "~2.1.0"
    is-glob "~4.0.1"
    normalize-path "~3.0.0"
    readdirp "~3.6.0"
  optionalDependencies:
    fsevents "~2.3.2"

csstype@^3.1.1:
  version "3.1.2"
  resolved "https://registry.yarnpkg.com/csstype/-/csstype-3.1.2.tgz#1d4bf9d572f11c14031f0436e1c10bc1f571f50b"
  integrity sha512-I7K1Uu0MBPzaFKg4nI5Q7Vs2t+3gWWW648spaF+Rg7pI9ds18Ugn+lvg4SHczUdKlHI5LWBXyqfS8+DufyBsgQ==

entities@~3.0.1:
  version "3.0.1"
  resolved "https://registry.yarnpkg.com/entities/-/entities-3.0.1.tgz#2b887ca62585e96db3903482d336c1006c3001d4"
  integrity sha512-WiyBqoomrwMdFG1e0kqvASYfnlb0lp8M5o5Fw2OFq1hNZxxcNk8Ik0Xm7LxzBhuidnZB/UtBqVCgUz3kBOP51Q==

esbuild@^0.18.6:
  version "0.18.15"
  resolved "https://registry.yarnpkg.com/esbuild/-/esbuild-0.18.15.tgz#5b5c1a22e608afd5675f82ad466c4d2cfd723f85"
  integrity sha512-3WOOLhrvuTGPRzQPU6waSDWrDTnQriia72McWcn6UCi43GhCHrXH4S59hKMeez+IITmdUuUyvbU9JIp+t3xlPQ==
  optionalDependencies:
    "@esbuild/android-arm" "0.18.15"
    "@esbuild/android-arm64" "0.18.15"
    "@esbuild/android-x64" "0.18.15"
    "@esbuild/darwin-arm64" "0.18.15"
    "@esbuild/darwin-x64" "0.18.15"
    "@esbuild/freebsd-arm64" "0.18.15"
    "@esbuild/freebsd-x64" "0.18.15"
    "@esbuild/linux-arm" "0.18.15"
    "@esbuild/linux-arm64" "0.18.15"
    "@esbuild/linux-ia32" "0.18.15"
    "@esbuild/linux-loong64" "0.18.15"
    "@esbuild/linux-mips64el" "0.18.15"
    "@esbuild/linux-ppc64" "0.18.15"
    "@esbuild/linux-riscv64" "0.18.15"
    "@esbuild/linux-s390x" "0.18.15"
    "@esbuild/linux-x64" "0.18.15"
    "@esbuild/netbsd-x64" "0.18.15"
    "@esbuild/openbsd-x64" "0.18.15"
    "@esbuild/sunos-x64" "0.18.15"
    "@esbuild/win32-arm64" "0.18.15"
    "@esbuild/win32-ia32" "0.18.15"
    "@esbuild/win32-x64" "0.18.15"

estree-walker@^2.0.2:
  version "2.0.2"
  resolved "https://registry.yarnpkg.com/estree-walker/-/estree-walker-2.0.2.tgz#52f010178c2a4c117a7757cfe942adb7d2da4cac"
  integrity sha512-Rfkk/Mp/DL7JVje3u18FxFujQlTNR2q6QfMSMB7AvCBx91NGj/ba3kCfza0f6dVDbw7YlRf/nDrn7pQrCCyQ/w==

fill-range@^7.0.1:
  version "7.0.1"
  resolved "https://registry.yarnpkg.com/fill-range/-/fill-range-7.0.1.tgz#1919a6a7c75fe38b2c7c77e5198535da9acdda40"
  integrity sha512-qOo9F+dMUmC2Lcb4BbVvnKJxTPjCm+RRpe4gDuGrzkL7mEVl/djYSu2OdQ2Pa302N4oqkSg9ir6jaLWJ2USVpQ==
  dependencies:
    to-regex-range "^5.0.1"

focus-trap@^7.4.3:
  version "7.5.2"
  resolved "https://registry.yarnpkg.com/focus-trap/-/focus-trap-7.5.2.tgz#e5ee678d10a18651f2591ffb66c949fb098d57cf"
  integrity sha512-p6vGNNWLDGwJCiEjkSK6oERj/hEyI9ITsSwIUICBoKLlWiTWXJRfQibCwcoi50rTZdbi87qDtUlMCmQwsGSgPw==
  dependencies:
    tabbable "^6.2.0"

fsevents@~2.3.2:
  version "2.3.2"
  resolved "https://registry.yarnpkg.com/fsevents/-/fsevents-2.3.2.tgz#8a526f78b8fdf4623b709e0b975c52c24c02fd1a"
  integrity sha512-xiqMQR4xAeHTuB9uWm+fFRcIOgKBMiOBP+eXiyT7jsgVCq1bkVygt00oASowB7EdtpOHaaPgKt812P9ab+DDKA==

glob-parent@~5.1.2:
  version "5.1.2"
  resolved "https://registry.yarnpkg.com/glob-parent/-/glob-parent-5.1.2.tgz#869832c58034fe68a4093c17dc15e8340d8401c4"
  integrity sha512-AOIgSQCepiJYwP3ARnGx+5VnTu2HBYdzbGP45eLw1vr3zB3vZLeyed1sC9hnbcOc9/SrMyM5RPQrkGz4aS9Zow==
  dependencies:
    is-glob "^4.0.1"

immutable@^4.0.0:
  version "4.3.1"
  resolved "https://registry.yarnpkg.com/immutable/-/immutable-4.3.1.tgz#17988b356097ab0719e2f741d56f3ec6c317f9dc"
  integrity sha512-lj9cnmB/kVS0QHsJnYKD1uo3o39nrbKxszjnqS9Fr6NB7bZzW45U6WSGBPKXDL/CvDKqDNPA4r3DoDQ8GTxo2A==

is-binary-path@~2.1.0:
  version "2.1.0"
  resolved "https://registry.yarnpkg.com/is-binary-path/-/is-binary-path-2.1.0.tgz#ea1f7f3b80f064236e83470f86c09c254fb45b09"
  integrity sha512-ZMERYes6pDydyuGidse7OsHxtbI7WVeUEozgR/g7rd0xUimYNlvZRE/K2MgZTjWy725IfelLeVcEM97mmtRGXw==
  dependencies:
    binary-extensions "^2.0.0"

is-extglob@^2.1.1:
  version "2.1.1"
  resolved "https://registry.yarnpkg.com/is-extglob/-/is-extglob-2.1.1.tgz#a88c02535791f02ed37c76a1b9ea9773c833f8c2"
  integrity sha512-SbKbANkN603Vi4jEZv49LeVJMn4yGwsbzZworEoyEiutsN3nJYdbO36zfhGJ6QEDpOZIFkDtnq5JRxmvl3jsoQ==

is-glob@^4.0.1, is-glob@~4.0.1:
  version "4.0.3"
  resolved "https://registry.yarnpkg.com/is-glob/-/is-glob-4.0.3.tgz#64f61e42cbbb2eec2071a9dac0b28ba1e65d5084"
  integrity sha512-xelSayHH36ZgE7ZWhli7pW34hNbNl8Ojv5KVmkJD4hBdD3th8Tfk9vYasLM+mXWOZhFkgZfxhLSnrwRr4elSSg==
  dependencies:
    is-extglob "^2.1.1"

is-number@^7.0.0:
  version "7.0.0"
  resolved "https://registry.yarnpkg.com/is-number/-/is-number-7.0.0.tgz#7535345b896734d5f80c4d06c50955527a14f12b"
  integrity sha512-41Cifkg6e8TylSpdtTpeLVMqvSBEVzTttHvERD741+pnZ8ANv0004MRL43QKPDlK9cGvNp6NZWZUBlbGXYxxng==

jsonc-parser@^3.2.0:
  version "3.2.0"
  resolved "https://registry.yarnpkg.com/jsonc-parser/-/jsonc-parser-3.2.0.tgz#31ff3f4c2b9793f89c67212627c51c6394f88e76"
  integrity sha512-gfFQZrcTc8CnKXp6Y4/CBT3fTc0OVuDofpre4aEeEpSBPV5X5v4+Vmx+8snU7RLPrNHPKSgLxGo9YuQzz20o+w==

linkify-it@^4.0.1:
  version "4.0.1"
  resolved "https://registry.yarnpkg.com/linkify-it/-/linkify-it-4.0.1.tgz#01f1d5e508190d06669982ba31a7d9f56a5751ec"
  integrity sha512-C7bfi1UZmoj8+PQx22XyeXCuBlokoyWQL5pWSP+EI6nzRylyThouddufc2c1NDIcP9k5agmN9fLpA7VNJfIiqw==
  dependencies:
    uc.micro "^1.0.1"

magic-string@^0.30.0:
  version "0.30.1"
  resolved "https://registry.yarnpkg.com/magic-string/-/magic-string-0.30.1.tgz#ce5cd4b0a81a5d032bd69aab4522299b2166284d"
  integrity sha512-mbVKXPmS0z0G4XqFDCTllmDQ6coZzn94aMlb0o/A4HEHJCKcanlDZwYJgwnkmgD3jyWhUgj9VsPrfd972yPffA==
  dependencies:
    "@jridgewell/sourcemap-codec" "^1.4.15"

mark.js@8.11.1:
  version "8.11.1"
  resolved "https://registry.yarnpkg.com/mark.js/-/mark.js-8.11.1.tgz#180f1f9ebef8b0e638e4166ad52db879beb2ffc5"
  integrity sha512-1I+1qpDt4idfgLQG+BNWmrqku+7/2bi5nLf4YwF8y8zXvmfiTBY3PV3ZibfrjBueCByROpuBjLLFCajqkgYoLQ==

markdown-it-task-lists@^2.1.1:
  version "2.1.1"
  resolved "https://registry.yarnpkg.com/markdown-it-task-lists/-/markdown-it-task-lists-2.1.1.tgz#f68f4d2ac2bad5a2c373ba93081a1a6848417088"
  integrity sha512-TxFAc76Jnhb2OUu+n3yz9RMu4CwGfaT788br6HhEDlvWfdeJcLUsxk1Hgw2yJio0OXsxv7pyIPmvECY7bMbluA==

markdown-it@^13.0.1:
  version "13.0.1"
  resolved "https://registry.yarnpkg.com/markdown-it/-/markdown-it-13.0.1.tgz#c6ecc431cacf1a5da531423fc6a42807814af430"
  integrity sha512-lTlxriVoy2criHP0JKRhO2VDG9c2ypWCsT237eDiLqi09rmbKoUetyGHq2uOIRoRS//kfoJckS0eUzzkDR+k2Q==
  dependencies:
    argparse "^2.0.1"
    entities "~3.0.1"
    linkify-it "^4.0.1"
    mdurl "^1.0.1"
    uc.micro "^1.0.5"

mdurl@^1.0.1:
  version "1.0.1"
  resolved "https://registry.yarnpkg.com/mdurl/-/mdurl-1.0.1.tgz#fe85b2ec75a59037f2adfec100fd6c601761152e"
  integrity sha512-/sKlQJCBYVY9Ers9hqzKou4H6V5UWc/M59TH2dvkt+84itfnq7uFOMLpOiOS4ujvHP4etln18fmIxA5R5fll0g==

minisearch@^6.1.0:
  version "6.1.0"
  resolved "https://registry.yarnpkg.com/minisearch/-/minisearch-6.1.0.tgz#6e74e743dbd0e88fa5ca52fef2391e0aa7055252"
  integrity sha512-PNxA/X8pWk+TiqPbsoIYH0GQ5Di7m6326/lwU/S4mlo4wGQddIcf/V//1f9TB0V4j59b57b+HZxt8h3iMROGvg==

nanoid@^3.3.6:
  version "3.3.6"
  resolved "https://registry.yarnpkg.com/nanoid/-/nanoid-3.3.6.tgz#443380c856d6e9f9824267d960b4236ad583ea4c"
  integrity sha512-BGcqMMJuToF7i1rt+2PWSNVnWIkGCU78jBG3RxO/bZlnZPK2Cmi2QaffxGO/2RvWi9sL+FAiRiXMgsyxQ1DIDA==

normalize-path@^3.0.0, normalize-path@~3.0.0:
  version "3.0.0"
  resolved "https://registry.yarnpkg.com/normalize-path/-/normalize-path-3.0.0.tgz#0dcd69ff23a1c9b11fd0978316644a0388216a65"
  integrity sha512-6eZs5Ls3WtCisHWp9S2GUy8dqkpGi4BVSz3GaqiE6ezub0512ESztXUwUB6C6IKbQkY2Pnb/mD4WYojCRwcwLA==

picocolors@^1.0.0:
  version "1.0.0"
  resolved "https://registry.yarnpkg.com/picocolors/-/picocolors-1.0.0.tgz#cb5bdc74ff3f51892236eaf79d68bc44564ab81c"
  integrity sha512-1fygroTLlHu66zi26VoTDv8yRgm0Fccecssto+MhsZ0D/DGW2sm8E8AjW7NU5VVTRt5GxbeZ5qBuJr+HyLYkjQ==

picomatch@^2.0.4, picomatch@^2.2.1:
  version "2.3.1"
  resolved "https://registry.yarnpkg.com/picomatch/-/picomatch-2.3.1.tgz#3ba3833733646d9d3e4995946c1365a67fb07a42"
  integrity sha512-JU3teHTNjmE2VCGFzuY8EXzCDVwEqB2a8fsIvwaStHhAWJEeVd1o1QD80CU6+ZdEXXSLbSsuLwJjkCBWqRQUVA==

postcss@^8.1.10, postcss@^8.4.24:
  version "8.4.26"
  resolved "https://registry.yarnpkg.com/postcss/-/postcss-8.4.26.tgz#1bc62ab19f8e1e5463d98cf74af39702a00a9e94"
  integrity sha512-jrXHFF8iTloAenySjM/ob3gSj7pCu0Ji49hnjqzsgSRa50hkWCKD0HQ+gMNJkW38jBI68MpAAg7ZWwHwX8NMMw==
  dependencies:
    nanoid "^3.3.6"
    picocolors "^1.0.0"
    source-map-js "^1.0.2"

preact@^10.0.0:
  version "10.16.0"
  resolved "https://registry.yarnpkg.com/preact/-/preact-10.16.0.tgz#68a06d70b191b8a313ea722d61e09c6b2a79a37e"
  integrity sha512-XTSj3dJ4roKIC93pald6rWuB2qQJO9gO2iLLyTe87MrjQN+HklueLsmskbywEWqCHlclgz3/M4YLL2iBr9UmMA==

readdirp@~3.6.0:
  version "3.6.0"
  resolved "https://registry.yarnpkg.com/readdirp/-/readdirp-3.6.0.tgz#74a370bd857116e245b29cc97340cd431a02a6c7"
  integrity sha512-hOS089on8RduqdbhvQ5Z37A0ESjsqz6qnRcffsMU3495FuTdqSm+7bhJ29JvIOsBDEEnan5DPu9t3To9VRlMzA==
  dependencies:
    picomatch "^2.2.1"

rollup@^3.25.2:
  version "3.26.3"
  resolved "https://registry.yarnpkg.com/rollup/-/rollup-3.26.3.tgz#bbc8818cadd0aebca348dbb3d68d296d220967b8"
  integrity sha512-7Tin0C8l86TkpcMtXvQu6saWH93nhG3dGQ1/+l5V2TDMceTxO7kDiK6GzbfLWNNxqJXm591PcEZUozZm51ogwQ==
  optionalDependencies:
    fsevents "~2.3.2"

sass@^1.64.0:
  version "1.64.0"
  resolved "https://registry.yarnpkg.com/sass/-/sass-1.64.0.tgz#9ca8d0acb1a704b86b7f1197dc310f568fb34638"
  integrity sha512-m7YtAGmQta9uANIUJwXesAJMSncqH+3INc8kdVXs6eV6GUC8Qu2IYKQSN8PRLgiQfpca697G94klm2leYMxSHw==
  dependencies:
    chokidar ">=3.0.0 <4.0.0"
    immutable "^4.0.0"
    source-map-js ">=0.6.2 <2.0.0"

shiki@^0.14.3:
  version "0.14.3"
  resolved "https://registry.yarnpkg.com/shiki/-/shiki-0.14.3.tgz#d1a93c463942bdafb9866d74d619a4347d0bbf64"
  integrity sha512-U3S/a+b0KS+UkTyMjoNojvTgrBHjgp7L6ovhFVZsXmBGnVdQ4K4U9oK0z63w538S91ATngv1vXigHCSWOwnr+g==
  dependencies:
    ansi-sequence-parser "^1.1.0"
    jsonc-parser "^3.2.0"
    vscode-oniguruma "^1.7.0"
    vscode-textmate "^8.0.0"

"source-map-js@>=0.6.2 <2.0.0", source-map-js@^1.0.2:
  version "1.0.2"
  resolved "https://registry.yarnpkg.com/source-map-js/-/source-map-js-1.0.2.tgz#adbc361d9c62df380125e7f161f71c826f1e490c"
  integrity sha512-R0XvVJ9WusLiqTCEiGCmICCMplcCkIwwR11mOSD9CR5u+IXYdiseeEuXCVAjS54zqwkLcPNnmU4OeJ6tUrWhDw==

tabbable@^6.2.0:
  version "6.2.0"
  resolved "https://registry.yarnpkg.com/tabbable/-/tabbable-6.2.0.tgz#732fb62bc0175cfcec257330be187dcfba1f3b97"
  integrity sha512-Cat63mxsVJlzYvN51JmVXIgNoUokrIaT2zLclCXjRd8boZ0004U4KCs/sToJ75C6sdlByWxpYnb5Boif1VSFew==

to-regex-range@^5.0.1:
  version "5.0.1"
  resolved "https://registry.yarnpkg.com/to-regex-range/-/to-regex-range-5.0.1.tgz#1648c44aae7c8d988a326018ed72f5b4dd0392e4"
  integrity sha512-65P7iz6X5yEr1cwcgvQxbbIw7Uk3gOy5dIdtZ4rDveLqhrdJP+Li/Hx6tyK0NEb+2GCyneCMJiGqrADCSNk8sQ==
  dependencies:
    is-number "^7.0.0"

uc.micro@^1.0.1, uc.micro@^1.0.5:
  version "1.0.6"
  resolved "https://registry.yarnpkg.com/uc.micro/-/uc.micro-1.0.6.tgz#9c411a802a409a91fc6cf74081baba34b24499ac"
  integrity sha512-8Y75pvTYkLJW2hWQHXxoqRgV7qb9B+9vFEtidML+7koHUFapnVJAZ6cKs+Qjz5Aw3aZWHMC6u0wJE3At+nSGwA==

vite@4.4.0-beta.3:
  version "4.4.0-beta.3"
  resolved "https://registry.yarnpkg.com/vite/-/vite-4.4.0-beta.3.tgz#143c2281f7028ef7addda7f453ea6166663acf6a"
  integrity sha512-IC/thYTvArOFRJ4qvvudnu4KKZOVc+gduS3I9OfC5SbP/Rf4kkP7z6Of2QpKeOSVqwIK24khW6VOUmVD/0yzSQ==
  dependencies:
    esbuild "^0.18.6"
    postcss "^8.4.24"
    rollup "^3.25.2"
  optionalDependencies:
    fsevents "~2.3.2"

vitepress@^1.0.0-beta.5:
  version "1.0.0-beta.5"
  resolved "https://registry.yarnpkg.com/vitepress/-/vitepress-1.0.0-beta.5.tgz#8cccf89df6a7c8b446d6b17008ce65d94ace2280"
  integrity sha512-/RjqqRsSEKkzF6HhK5e5Ij+bZ7ETb9jNCRRgIMm10gJ+ZLC3D1OqkE465lEqCeJUgt2HZ6jmWjDqIBfrJSpv7w==
  dependencies:
    "@docsearch/css" "^3.5.1"
    "@docsearch/js" "^3.5.1"
    "@vitejs/plugin-vue" "^4.2.3"
    "@vue/devtools-api" "^6.5.0"
    "@vueuse/core" "^10.2.1"
    "@vueuse/integrations" "^10.2.1"
    body-scroll-lock "4.0.0-beta.0"
    focus-trap "^7.4.3"
    mark.js "8.11.1"
    minisearch "^6.1.0"
    shiki "^0.14.3"
    vite "4.4.0-beta.3"
    vue "^3.3.4"

vscode-oniguruma@^1.7.0:
  version "1.7.0"
  resolved "https://registry.yarnpkg.com/vscode-oniguruma/-/vscode-oniguruma-1.7.0.tgz#439bfad8fe71abd7798338d1cd3dc53a8beea94b"
  integrity sha512-L9WMGRfrjOhgHSdOYgCt/yRMsXzLDJSL7BPrOZt73gU0iWO4mpqzqQzOz5srxqTvMBaR0XZTSrVWo4j55Rc6cA==

vscode-textmate@^8.0.0:
  version "8.0.0"
  resolved "https://registry.yarnpkg.com/vscode-textmate/-/vscode-textmate-8.0.0.tgz#2c7a3b1163ef0441097e0b5d6389cd5504b59e5d"
  integrity sha512-AFbieoL7a5LMqcnOF04ji+rpXadgOXnZsxQr//r83kLPr7biP7am3g9zbaZIaBGwBRWeSvoMD4mgPdX3e4NWBg==

vue-demi@>=0.14.5:
  version "0.14.5"
  resolved "https://registry.yarnpkg.com/vue-demi/-/vue-demi-0.14.5.tgz#676d0463d1a1266d5ab5cba932e043d8f5f2fbd9"
  integrity sha512-o9NUVpl/YlsGJ7t+xuqJKx8EBGf1quRhCiT6D/J0pfwmk9zUwYkC7yrF4SZCe6fETvSM3UNL2edcbYrSyc4QHA==

vue@^3.3.4:
  version "3.3.4"
  resolved "https://registry.yarnpkg.com/vue/-/vue-3.3.4.tgz#8ed945d3873667df1d0fcf3b2463ada028f88bd6"
  integrity sha512-VTyEYn3yvIeY1Py0WaYGZsXnz3y5UnGi62GjVEqvEGPl6nxbOrCXbVOTQWBEJUqAyTUk2uJ5JLVnYJ6ZzGbrSw==
  dependencies:
    "@vue/compiler-dom" "3.3.4"
    "@vue/compiler-sfc" "3.3.4"
    "@vue/runtime-dom" "3.3.4"
    "@vue/server-renderer" "3.3.4"
    "@vue/shared" "3.3.4"
